Microsoft Visual Studio Solution File, Format Version 11.00
# Visual Studio 2008

Project("{987DC3CB-5D4E-1698-CBCA-7CF94A62C964}") = "Dare IT-Touch", "Assembly-CSharp.csproj", "{1DE5D466-DFE1-61DE-D669-56905D64448E}"
EndProject
Global
	GlobalSection(SolutionConfigurationPlatforms) = preSolution
		Debug|Any CPU = Debug|Any CPU
		Release|Any CPU = Release|Any CPU
	EndGlobalSection
	GlobalSection(ProjectConfigurationPlatforms) = postSolution
		{1DE5D466-DFE1-61DE-D669-56905D64448E}.Debug|Any CPU.ActiveCfg = Debug|Any CPU
		{1DE5D466-DFE1-61DE-D669-56905D64448E}.Debug|Any CPU.Build.0 = Debug|Any CPU
		{1DE5D466-DFE1-61DE-D669-56905D64448E}.Release|Any CPU.ActiveCfg = Release|Any CPU
		{1DE5D466-DFE1-61DE-D669-56905D64448E}.Release|Any CPU.Build.0 = Release|Any CPU
	EndGlobalSection
	GlobalSection(SolutionProperties) = preSolution
		HideSolutionNode = FALSE
	EndGlobalSection
	GlobalSection(MonoDevelopProperties) = preSolution
		StartupItem = Assembly-CSharp.csproj
	EndGlobalSection
EndGlobal
