Microsoft Visual Studio Solution File, Format Version 11.00
# Visual Studio 2008

Project("{E54300B0-A77C-8324-356F-E78841FA2794}") = "Dare It !", "Assembly-CSharp.csproj", "{86E54278-C7D0-D422-763A-0C8B7645B343}"
EndProject
Global
	GlobalSection(SolutionConfigurationPlatforms) = preSolution
		Debug|Any CPU = Debug|Any CPU
		Release|Any CPU = Release|Any CPU
	EndGlobalSection
	GlobalSection(ProjectConfigurationPlatforms) = postSolution
		{86E54278-C7D0-D422-763A-0C8B7645B343}.Debug|Any CPU.ActiveCfg = Debug|Any CPU
		{86E54278-C7D0-D422-763A-0C8B7645B343}.Debug|Any CPU.Build.0 = Debug|Any CPU
		{86E54278-C7D0-D422-763A-0C8B7645B343}.Release|Any CPU.ActiveCfg = Release|Any CPU
		{86E54278-C7D0-D422-763A-0C8B7645B343}.Release|Any CPU.Build.0 = Release|Any CPU
	EndGlobalSection
	GlobalSection(SolutionProperties) = preSolution
		HideSolutionNode = FALSE
	EndGlobalSection
	GlobalSection(MonoDevelopProperties) = preSolution
		StartupItem = Assembly-CSharp.csproj
	EndGlobalSection
EndGlobal
