Microsoft Visual Studio Solution File, Format Version 11.00
# Visual Studio 2008

Project("{1A16C947-F3A8-6BCF-AE0A-B3FD6F0A9B73}") = "Dare IT-Touch-Final", "Assembly-CSharp.csproj", "{C5A50077-809F-32A1-29D7-A332FD80B996}"
EndProject
Global
	GlobalSection(SolutionConfigurationPlatforms) = preSolution
		Debug|Any CPU = Debug|Any CPU
		Release|Any CPU = Release|Any CPU
	EndGlobalSection
	GlobalSection(ProjectConfigurationPlatforms) = postSolution
		{C5A50077-809F-32A1-29D7-A332FD80B996}.Debug|Any CPU.ActiveCfg = Debug|Any CPU
		{C5A50077-809F-32A1-29D7-A332FD80B996}.Debug|Any CPU.Build.0 = Debug|Any CPU
		{C5A50077-809F-32A1-29D7-A332FD80B996}.Release|Any CPU.ActiveCfg = Release|Any CPU
		{C5A50077-809F-32A1-29D7-A332FD80B996}.Release|Any CPU.Build.0 = Release|Any CPU
	EndGlobalSection
	GlobalSection(SolutionProperties) = preSolution
		HideSolutionNode = FALSE
	EndGlobalSection
	GlobalSection(MonoDevelopProperties) = preSolution
		StartupItem = Assembly-CSharp.csproj
	EndGlobalSection
EndGlobal
